Microsoft Visual Studio Solution File, Format Version 12.00
# Visual Studio Version 17
VisualStudioVersion = 17.5.2.0
MinimumVisualStudioVersion = 10.0.40219.1
Project("{FAE04EC0-301F-11D3-BF4B-00C04F79EFBC}") = "whatsapp", "whatsapp.csproj", "{9319C2CF-578A-48B1-A4E9-6F519DD22E6A}"
EndProject
Global
	GlobalSection(SolutionConfigurationPlatforms) = preSolution
		Debug|Any CPU = Debug|Any CPU
		Release|Any CPU = Release|Any CPU
	EndGlobalSection
	GlobalSection(ProjectConfigurationPlatforms) = postSolution
		{9319C2CF-578A-48B1-A4E9-6F519DD22E6A}.Debug|Any CPU.ActiveCfg = Debug|Any CPU
		{9319C2CF-578A-48B1-A4E9-6F519DD22E6A}.Debug|Any CPU.Build.0 = Debug|Any CPU
		{9319C2CF-578A-48B1-A4E9-6F519DD22E6A}.Release|Any CPU.ActiveCfg = Release|Any CPU
		{9319C2CF-578A-48B1-A4E9-6F519DD22E6A}.Release|Any CPU.Build.0 = Release|Any CPU
	EndGlobalSection
	GlobalSection(SolutionProperties) = preSolution
		HideSolutionNode = FALSE
	EndGlobalSection
	GlobalSection(ExtensibilityGlobals) = postSolution
		SolutionGuid = {8ADCF89B-5289-4CDC-8926-D388136846FA}
	EndGlobalSection
EndGlobal
